
Microsoft Visual Studio Solution File, Format Version 12.00
# Visual Studio Version 17
VisualStudioVersion = 17.14.37516.0 d17.14
MinimumVisualStudioVersion = 10.0.40219.1
Project("{FAE04EC0-301F-11D3-BF4B-00C04F79EFBC}") = "Tutorial2_2", "Tutorial2_2\Tutorial2_2.csproj", "{450F1A75-7E84-4C1F-A30F-45920DCD6AD4}"
EndProject
Global
	GlobalSection(SolutionConfigurationPlatforms) = preSolution
		Debug|Any CPU = Debug|Any CPU
		Release|Any CPU = Release|Any CPU
	EndGlobalSection
	GlobalSection(ProjectConfigurationPlatforms) = postSolution
		{450F1A75-7E84-4C1F-A30F-45920DCD6AD4}.Debug|Any CPU.ActiveCfg = Debug|Any CPU
		{450F1A75-7E84-4C1F-A30F-45920DCD6AD4}.Debug|Any CPU.Build.0 = Debug|Any CPU
		{450F1A75-7E84-4C1F-A30F-45920DCD6AD4}.Release|Any CPU.ActiveCfg = Release|Any CPU
		{450F1A75-7E84-4C1F-A30F-45920DCD6AD4}.Release|Any CPU.Build.0 = Release|Any CPU
	EndGlobalSection
	GlobalSection(SolutionProperties) = preSolution
		HideSolutionNode = FALSE
	EndGlobalSection
	GlobalSection(ExtensibilityGlobals) = postSolution
		SolutionGuid = {13D96B6A-F5AB-4B35-B048-697589933B05}
	EndGlobalSection
EndGlobal
