
Microsoft Visual Studio Solution File, Format Version 12.00
# Visual Studio Version 17
VisualStudioVersion = 17.14.37516.0 d17.14
MinimumVisualStudioVersion = 10.0.40219.1
Project("{FAE04EC0-301F-11D3-BF4B-00C04F79EFBC}") = "Tutorial2_5", "Tutorial2_5\Tutorial2_5.csproj", "{51FE3658-F866-45A3-B0C5-B1A752F2DF7C}"
EndProject
Global
	GlobalSection(SolutionConfigurationPlatforms) = preSolution
		Debug|Any CPU = Debug|Any CPU
		Release|Any CPU = Release|Any CPU
	EndGlobalSection
	GlobalSection(ProjectConfigurationPlatforms) = postSolution
		{51FE3658-F866-45A3-B0C5-B1A752F2DF7C}.Debug|Any CPU.ActiveCfg = Debug|Any CPU
		{51FE3658-F866-45A3-B0C5-B1A752F2DF7C}.Debug|Any CPU.Build.0 = Debug|Any CPU
		{51FE3658-F866-45A3-B0C5-B1A752F2DF7C}.Release|Any CPU.ActiveCfg = Release|Any CPU
		{51FE3658-F866-45A3-B0C5-B1A752F2DF7C}.Release|Any CPU.Build.0 = Release|Any CPU
	EndGlobalSection
	GlobalSection(SolutionProperties) = preSolution
		HideSolutionNode = FALSE
	EndGlobalSection
	GlobalSection(ExtensibilityGlobals) = postSolution
		SolutionGuid = {8B0114A0-E60C-4221-9762-70D70A3D4BC3}
	EndGlobalSection
EndGlobal
